
Microsoft Visual Studio Solution File, Format Version 12.00
# Visual Studio 15
VisualStudioVersion = 15.0.28010.2048
MinimumVisualStudioVersion = 10.0.40219.1
Project("{FAE04EC0-301F-11D3-BF4B-00C04F79EFBC}") = "CarSimulatorHiq", "CarSimulatorHiq\CarSimulatorHiq.csproj", "{1EB7E526-B939-4717-88C5-4B2A5E136E92}"
EndProject
Global
	GlobalSection(SolutionConfigurationPlatforms) = preSolution
		Debug|Any CPU = Debug|Any CPU
		Release|Any CPU = Release|Any CPU
	EndGlobalSection
	GlobalSection(ProjectConfigurationPlatforms) = postSolution
		{1EB7E526-B939-4717-88C5-4B2A5E136E92}.Debug|Any CPU.ActiveCfg = Debug|Any CPU
		{1EB7E526-B939-4717-88C5-4B2A5E136E92}.Debug|Any CPU.Build.0 = Debug|Any CPU
		{1EB7E526-B939-4717-88C5-4B2A5E136E92}.Release|Any CPU.ActiveCfg = Release|Any CPU
		{1EB7E526-B939-4717-88C5-4B2A5E136E92}.Release|Any CPU.Build.0 = Release|Any CPU
	EndGlobalSection
	GlobalSection(SolutionProperties) = preSolution
		HideSolutionNode = FALSE
	EndGlobalSection
	GlobalSection(ExtensibilityGlobals) = postSolution
		SolutionGuid = {65941FC8-5014-47E7-AB86-0F5A8082C891}
	EndGlobalSection
EndGlobal
